# This file is @generated by PDM.
# It is not intended for manual editing.

[metadata]
groups = ["default"]
strategy = ["inherit_metadata"]
lock_version = "4.5.0"
content_hash = "sha256:aa087d20fbb4d68edfb687deaaeea0c9d5d7b1cfb87bf492478d1a1097cf1793"

[[metadata.targets]]
requires_python = ">=3.10"

[[package]]
name = "fubuki"
version = "0.1.0"
requires_python = ">=3.10"
summary = "An Hybrid Web Framework"
groups = ["default"]
files = [
    {file = "Fubuki-0.1.0-py3-none-any.whl", hash = "sha256:8fe7a1ceba561cd36ef5e89cb08bba1f47a68cf9640a941b0620e612b827acc6"},
    {file = "fubuki-0.1.0.tar.gz", hash = "sha256:8406bcf8d8db7d1108b8d53849c509a04a8a59f342ca66b1306d6a2d1c5fe513"},
]
